# THIS IS AN AUTOGENERATED FILE. DO NOT EDIT THIS FILE DIRECTLY.
# yarn lockfile v1


unfashionable@^1.0.0:
  version "1.1.2"
  resolved "https://npm.mybus.io/unfashionable/-/unfashionable-1.1.2.tgz#c1abe49cd18a85c0c48d7c17b334f7bc9ebff6a4"
  integrity sha512-dxp19Z0vucwKU4WGMXRvfDRQLU5ANqVe5GaWbA0vqhHw9Iltae5eUJOCxfXAfsOVM3y5TRjsAPhV+nPQTXQIGg==
